
Microsoft Visual Studio Solution File, Format Version 12.00
# Visual Studio Version 17
VisualStudioVersion = 17.13.35828.75
MinimumVisualStudioVersion = 10.0.40219.1
Project("{2150E333-8FDC-42A3-9474-1A3956D46DE8}") = "Tyuiu.AgafonovAO.Sprint0.Task0.V0", "Tyuiu.AgafonovAO.Sprint0.Task0.V0", "{02EA681E-C7D8-13C7-8484-4AC65E1B71E8}"
EndProject
Project("{2150E333-8FDC-42A3-9474-1A3956D46DE8}") = "Tyuiu.AgafonovAO.Sprint0.Task1.V0", "Tyuiu.AgafonovAO.Sprint0.Task1.V0", "{7D56C188-9787-4037-8798-7891A3009AC9}"
EndProject
Project("{FAE04EC0-301F-11D3-BF4B-00C04F79EFBC}") = "Tyuiu.AgafonovAO.Sprint0.Task1.V0", "Tyuiu.AgafonovAO.Sprint0.Task1.V0\Tyuiu.AgafonovAO.Sprint0.Task1.V0.csproj", "{48BC0F7F-770D-4136-A379-BED4425756C7}"
EndProject
Project("{2150E333-8FDC-42A3-9474-1A3956D46DE8}") = "Tyuiu.AgafonovAO.Sprint0.Task2.V0", "Tyuiu.AgafonovAO.Sprint0.Task2.V0", "{1AF8C135-F2F3-49D9-A08E-C9BB37F729FE}"
EndProject
Project("{FAE04EC0-301F-11D3-BF4B-00C04F79EFBC}") = "Tyuiu.AgafonovAO.Sprint0.Task2.V0", "Tyuiu.AgafonovAO.Sprint0.Task2.V0\Tyuiu.AgafonovAO.Sprint0.Task2.V0.csproj", "{BD075A52-7F6D-4415-B55B-A01D9F8C9109}"
EndProject
Project("{FAE04EC0-301F-11D3-BF4B-00C04F79EFBC}") = "Tyuiu.AgafonovAO.Sprint0.Task2.V0.Lib", "Tyuiu.AgafonovAO.Sprint0.Task2.V0.lib\Tyuiu.AgafonovAO.Sprint0.Task2.V0.Lib.csproj", "{A869CF23-4ECA-4B3E-8C7A-B98B571D3EF9}"
EndProject
Project("{FAE04EC0-301F-11D3-BF4B-00C04F79EFBC}") = "Tyuiu.AgafonovAO.Sprint0.Task2.V0.Test", "Tyuiu.AgafonovAO.Sprint0.Task2.V0.Test\Tyuiu.AgafonovAO.Sprint0.Task2.V0.Test.csproj", "{93CA7F3A-64A3-4D26-8498-A9D1A39A9B43}"
EndProject
Project("{2150E333-8FDC-42A3-9474-1A3956D46DE8}") = "Tyuiu.AgafonovAO.Sprint0.Task3.V0", "Tyuiu.AgafonovAO.Sprint0.Task3.V0", "{A6304456-ECBE-4BB2-885F-4F979718D260}"
EndProject
Project("{FAE04EC0-301F-11D3-BF4B-00C04F79EFBC}") = "Tyuiu.AgafonovAO.Sprint0.Task3.V0", "Tyuiu.AgafonovAO.Sprint0.Task3.V0\Tyuiu.AgafonovAO.Sprint0.Task3.V0.csproj", "{049EDF0F-EF0A-4C2E-8249-AE8D476004C3}"
EndProject
Project("{FAE04EC0-301F-11D3-BF4B-00C04F79EFBC}") = "Tyuiu.AgafonovAO.Sprint0.Task3.V0.Test", "Tyuiu.AgafonovAO.Sprint0.Task3.V0.Test\Tyuiu.AgafonovAO.Sprint0.Task3.V0.Test.csproj", "{AA687C2C-2744-4521-8A36-0A9767C7231E}"
EndProject
Project("{FAE04EC0-301F-11D3-BF4B-00C04F79EFBC}") = "Tyuiu.AgafonovAO.Sprint0.Task3.V0.Lib", "Tyuiu.AgafonovAO.Sprint0.Task3.V0.Lib\Tyuiu.AgafonovAO.Sprint0.Task3.V0.Lib.csproj", "{C286FFFC-AC2F-4BED-BF1C-2916A79F9FB1}"
EndProject
Project("{2150E333-8FDC-42A3-9474-1A3956D46DE8}") = "Tyuiu.AgafonovAO.Sprint0.Task4.V0", "Tyuiu.AgafonovAO.Sprint0.Task4.V0", "{A5C308B7-89C4-4044-9BE4-7ADF1FA041CA}"
EndProject
Project("{FAE04EC0-301F-11D3-BF4B-00C04F79EFBC}") = "Tyuiu.AgafonovAO.Sprint0.Task4.V0", "Tyuiu.AgafonovAO.Sprint0.Task4.V0\Tyuiu.AgafonovAO.Sprint0.Task4.V0.csproj", "{B09B4443-357C-47C6-A5DB-5A61E461E4D1}"
EndProject
Project("{FAE04EC0-301F-11D3-BF4B-00C04F79EFBC}") = "Tyuiu.AgafonovAO.Sprint0.Task4.V0.Test", "Tyuiu.AgafonovAO.Sprint0.Task4.V0.Test\Tyuiu.AgafonovAO.Sprint0.Task4.V0.Test.csproj", "{FF17BB30-1F11-4138-A158-56DD2D726BBC}"
EndProject
Project("{FAE04EC0-301F-11D3-BF4B-00C04F79EFBC}") = "Tyuiu.AgafonovAO.Sprint0.Task4.V0.Lib", "Tyuiu.AgafonovAO.Sprint0.Task4.V0.Lib\Tyuiu.AgafonovAO.Sprint0.Task4.V0.Lib.csproj", "{EFFD0B69-D83C-4D9A-BB67-659DF5E2C1ED}"
EndProject
Project("{2150E333-8FDC-42A3-9474-1A3956D46DE8}") = "Tyuiu.AgafonovAO.Sprint0.Task5.V0", "Tyuiu.AgafonovAO.Sprint0.Task5.V0", "{F7DDFE0A-689D-4A02-A9B0-7D6D8295C9BE}"
EndProject
Project("{FAE04EC0-301F-11D3-BF4B-00C04F79EFBC}") = "Tyuiu.AgafonovAO.Sprint0.Task5.V0", "Tyuiu.AgafonovAO.Sprint0.Task5.V0\Tyuiu.AgafonovAO.Sprint0.Task5.V0.csproj", "{439A82A5-0AE4-4B27-8157-B4CF12667BA7}"
EndProject
Project("{FAE04EC0-301F-11D3-BF4B-00C04F79EFBC}") = "Tyuiu.AgafonovAO.Sprint0.Task5.V0.Lib", "Tyuiu.AgafonovAO.Sprint0.Task5.V0.Lib\Tyuiu.AgafonovAO.Sprint0.Task5.V0.Lib.csproj", "{5CB359F6-4086-4A63-816F-39582A5A22B5}"
EndProject
Project("{FAE04EC0-301F-11D3-BF4B-00C04F79EFBC}") = "Tyuiu.AgafonovAO.Sprint0.Task5.V0.Test", "Tyuiu.AgafonovAO.Sprint0.Task5.V0.Test\Tyuiu.AgafonovAO.Sprint0.Task5.V0.Test.csproj", "{72F3C6EF-53AD-4802-9EF4-A79AC161DB21}"
EndProject
Project("{2150E333-8FDC-42A3-9474-1A3956D46DE8}") = "Tyuiu.AgafonovAO.Sprint0.Task6.V0", "Tyuiu.AgafonovAO.Sprint0.Task6.V0", "{F1B6F44D-4ED4-49CE-8A84-9715D5C90789}"
EndProject
Project("{FAE04EC0-301F-11D3-BF4B-00C04F79EFBC}") = "Tyuiu.AgafonovAO.Sprint0.Task6.V0", "Tyuiu.AgafonovAO.Sprint0.Task6.V0\Tyuiu.AgafonovAO.Sprint0.Task6.V0.csproj", "{29FAF42E-DE7C-4C05-A659-9920AF4D6DDC}"
EndProject
Project("{FAE04EC0-301F-11D3-BF4B-00C04F79EFBC}") = "Tyuiu.AgafonovAO.Sprint0.Task6.V0.Test", "Tyuiu.AgafonovAO.Sprint0.Task6.V0.Test\Tyuiu.AgafonovAO.Sprint0.Task6.V0.Test.csproj", "{E62D490C-19F1-4FB8-9921-F5CC519B1E7A}"
EndProject
Project("{FAE04EC0-301F-11D3-BF4B-00C04F79EFBC}") = "Tyuiu.AgafonovAO.Sprint0.Task6.V0.Lib", "Tyuiu.AgafonovAO.Sprint0.Task6.V0.Lib\Tyuiu.AgafonovAO.Sprint0.Task6.V0.Lib.csproj", "{0AA19D9E-BDE6-450B-9425-D4E10A1DD803}"
EndProject
Project("{2150E333-8FDC-42A3-9474-1A3956D46DE8}") = "Tyuiu.AgafonovAO.Sprint0.Task7.V0", "Tyuiu.AgafonovAO.Sprint0.Task7.V0", "{C3F4ADA1-11A7-4427-B262-BE2B85ABF705}"
EndProject
Project("{FAE04EC0-301F-11D3-BF4B-00C04F79EFBC}") = "Tyuiu.AgafonovAO.Sprint0.Task7.V0", "Tyuiu.AgafonovAO.Sprint0.Task7.V0\Tyuiu.AgafonovAO.Sprint0.Task7.V0.csproj", "{DA9F9F53-A988-4EAD-902A-4FFFC939A2D3}"
EndProject
Project("{FAE04EC0-301F-11D3-BF4B-00C04F79EFBC}") = "Tyuiu.AgafonovAO.Sprint0.Task7.V0.Lib", "Tyuiu.AgafonovAO.Sprint0.Task7.V0.Lib\Tyuiu.AgafonovAO.Sprint0.Task7.V0.Lib.csproj", "{848677B5-50A8-4119-B4E8-F3D1C9C8981E}"
EndProject
Project("{FAE04EC0-301F-11D3-BF4B-00C04F79EFBC}") = "Tyuiu.AgafonovAO.Sprint0.Task7.V0.Test", "Tyuiu.AgafonovAO.Sprint0.Task7.V0.Test\Tyuiu.AgafonovAO.Sprint0.Task7.V0.Test.csproj", "{28D602C1-E38D-41EA-B0D6-0ACDCBA9DF20}"
EndProject
Global
	GlobalSection(SolutionConfigurationPlatforms) = preSolution
		Debug|Any CPU = Debug|Any CPU
		Release|Any CPU = Release|Any CPU
	EndGlobalSection
	GlobalSection(ProjectConfigurationPlatforms) = postSolution
		{48BC0F7F-770D-4136-A379-BED4425756C7}.Debug|Any CPU.ActiveCfg = Debug|Any CPU
		{48BC0F7F-770D-4136-A379-BED4425756C7}.Debug|Any CPU.Build.0 = Debug|Any CPU
		{48BC0F7F-770D-4136-A379-BED4425756C7}.Release|Any CPU.ActiveCfg = Release|Any CPU
		{48BC0F7F-770D-4136-A379-BED4425756C7}.Release|Any CPU.Build.0 = Release|Any CPU
		{BD075A52-7F6D-4415-B55B-A01D9F8C9109}.Debug|Any CPU.ActiveCfg = Debug|Any CPU
		{BD075A52-7F6D-4415-B55B-A01D9F8C9109}.Debug|Any CPU.Build.0 = Debug|Any CPU
		{BD075A52-7F6D-4415-B55B-A01D9F8C9109}.Release|Any CPU.ActiveCfg = Release|Any CPU
		{BD075A52-7F6D-4415-B55B-A01D9F8C9109}.Release|Any CPU.Build.0 = Release|Any CPU
		{A869CF23-4ECA-4B3E-8C7A-B98B571D3EF9}.Debug|Any CPU.ActiveCfg = Debug|Any CPU
		{A869CF23-4ECA-4B3E-8C7A-B98B571D3EF9}.Debug|Any CPU.Build.0 = Debug|Any CPU
		{A869CF23-4ECA-4B3E-8C7A-B98B571D3EF9}.Release|Any CPU.ActiveCfg = Release|Any CPU
		{A869CF23-4ECA-4B3E-8C7A-B98B571D3EF9}.Release|Any CPU.Build.0 = Release|Any CPU
		{93CA7F3A-64A3-4D26-8498-A9D1A39A9B43}.Debug|Any CPU.ActiveCfg = Debug|Any CPU
		{93CA7F3A-64A3-4D26-8498-A9D1A39A9B43}.Debug|Any CPU.Build.0 = Debug|Any CPU
		{93CA7F3A-64A3-4D26-8498-A9D1A39A9B43}.Release|Any CPU.ActiveCfg = Release|Any CPU
		{93CA7F3A-64A3-4D26-8498-A9D1A39A9B43}.Release|Any CPU.Build.0 = Release|Any CPU
		{049EDF0F-EF0A-4C2E-8249-AE8D476004C3}.Debug|Any CPU.ActiveCfg = Debug|Any CPU
		{049EDF0F-EF0A-4C2E-8249-AE8D476004C3}.Debug|Any CPU.Build.0 = Debug|Any CPU
		{049EDF0F-EF0A-4C2E-8249-AE8D476004C3}.Release|Any CPU.ActiveCfg = Release|Any CPU
		{049EDF0F-EF0A-4C2E-8249-AE8D476004C3}.Release|Any CPU.Build.0 = Release|Any CPU
		{AA687C2C-2744-4521-8A36-0A9767C7231E}.Debug|Any CPU.ActiveCfg = Debug|Any CPU
		{AA687C2C-2744-4521-8A36-0A9767C7231E}.Debug|Any CPU.Build.0 = Debug|Any CPU
		{AA687C2C-2744-4521-8A36-0A9767C7231E}.Release|Any CPU.ActiveCfg = Release|Any CPU
		{AA687C2C-2744-4521-8A36-0A9767C7231E}.Release|Any CPU.Build.0 = Release|Any CPU
		{C286FFFC-AC2F-4BED-BF1C-2916A79F9FB1}.Debug|Any CPU.ActiveCfg = Debug|Any CPU
		{C286FFFC-AC2F-4BED-BF1C-2916A79F9FB1}.Debug|Any CPU.Build.0 = Debug|Any CPU
		{C286FFFC-AC2F-4BED-BF1C-2916A79F9FB1}.Release|Any CPU.ActiveCfg = Release|Any CPU
		{C286FFFC-AC2F-4BED-BF1C-2916A79F9FB1}.Release|Any CPU.Build.0 = Release|Any CPU
		{B09B4443-357C-47C6-A5DB-5A61E461E4D1}.Debug|Any CPU.ActiveCfg = Debug|Any CPU
		{B09B4443-357C-47C6-A5DB-5A61E461E4D1}.Debug|Any CPU.Build.0 = Debug|Any CPU
		{B09B4443-357C-47C6-A5DB-5A61E461E4D1}.Release|Any CPU.ActiveCfg = Release|Any CPU
		{B09B4443-357C-47C6-A5DB-5A61E461E4D1}.Release|Any CPU.Build.0 = Release|Any CPU
		{FF17BB30-1F11-4138-A158-56DD2D726BBC}.Debug|Any CPU.ActiveCfg = Debug|Any CPU
		{FF17BB30-1F11-4138-A158-56DD2D726BBC}.Debug|Any CPU.Build.0 = Debug|Any CPU
		{FF17BB30-1F11-4138-A158-56DD2D726BBC}.Release|Any CPU.ActiveCfg = Release|Any CPU
		{FF17BB30-1F11-4138-A158-56DD2D726BBC}.Release|Any CPU.Build.0 = Release|Any CPU
		{EFFD0B69-D83C-4D9A-BB67-659DF5E2C1ED}.Debug|Any CPU.ActiveCfg = Debug|Any CPU
		{EFFD0B69-D83C-4D9A-BB67-659DF5E2C1ED}.Debug|Any CPU.Build.0 = Debug|Any CPU
		{EFFD0B69-D83C-4D9A-BB67-659DF5E2C1ED}.Release|Any CPU.ActiveCfg = Release|Any CPU
		{EFFD0B69-D83C-4D9A-BB67-659DF5E2C1ED}.Release|Any CPU.Build.0 = Release|Any CPU
		{439A82A5-0AE4-4B27-8157-B4CF12667BA7}.Debug|Any CPU.ActiveCfg = Debug|Any CPU
		{439A82A5-0AE4-4B27-8157-B4CF12667BA7}.Debug|Any CPU.Build.0 = Debug|Any CPU
		{439A82A5-0AE4-4B27-8157-B4CF12667BA7}.Release|Any CPU.ActiveCfg = Release|Any CPU
		{439A82A5-0AE4-4B27-8157-B4CF12667BA7}.Release|Any CPU.Build.0 = Release|Any CPU
		{5CB359F6-4086-4A63-816F-39582A5A22B5}.Debug|Any CPU.ActiveCfg = Debug|Any CPU
		{5CB359F6-4086-4A63-816F-39582A5A22B5}.Debug|Any CPU.Build.0 = Debug|Any CPU
		{5CB359F6-4086-4A63-816F-39582A5A22B5}.Release|Any CPU.ActiveCfg = Release|Any CPU
		{5CB359F6-4086-4A63-816F-39582A5A22B5}.Release|Any CPU.Build.0 = Release|Any CPU
		{72F3C6EF-53AD-4802-9EF4-A79AC161DB21}.Debug|Any CPU.ActiveCfg = Debug|Any CPU
		{72F3C6EF-53AD-4802-9EF4-A79AC161DB21}.Debug|Any CPU.Build.0 = Debug|Any CPU
		{72F3C6EF-53AD-4802-9EF4-A79AC161DB21}.Release|Any CPU.ActiveCfg = Release|Any CPU
		{72F3C6EF-53AD-4802-9EF4-A79AC161DB21}.Release|Any CPU.Build.0 = Release|Any CPU
		{29FAF42E-DE7C-4C05-A659-9920AF4D6DDC}.Debug|Any CPU.ActiveCfg = Debug|Any CPU
		{29FAF42E-DE7C-4C05-A659-9920AF4D6DDC}.Debug|Any CPU.Build.0 = Debug|Any CPU
		{29FAF42E-DE7C-4C05-A659-9920AF4D6DDC}.Release|Any CPU.ActiveCfg = Release|Any CPU
		{29FAF42E-DE7C-4C05-A659-9920AF4D6DDC}.Release|Any CPU.Build.0 = Release|Any CPU
		{E62D490C-19F1-4FB8-9921-F5CC519B1E7A}.Debug|Any CPU.ActiveCfg = Debug|Any CPU
		{E62D490C-19F1-4FB8-9921-F5CC519B1E7A}.Debug|Any CPU.Build.0 = Debug|Any CPU
		{E62D490C-19F1-4FB8-9921-F5CC519B1E7A}.Release|Any CPU.ActiveCfg = Release|Any CPU
		{E62D490C-19F1-4FB8-9921-F5CC519B1E7A}.Release|Any CPU.Build.0 = Release|Any CPU
		{0AA19D9E-BDE6-450B-9425-D4E10A1DD803}.Debug|Any CPU.ActiveCfg = Debug|Any CPU
		{0AA19D9E-BDE6-450B-9425-D4E10A1DD803}.Debug|Any CPU.Build.0 = Debug|Any CPU
		{0AA19D9E-BDE6-450B-9425-D4E10A1DD803}.Release|Any CPU.ActiveCfg = Release|Any CPU
		{0AA19D9E-BDE6-450B-9425-D4E10A1DD803}.Release|Any CPU.Build.0 = Release|Any CPU
		{DA9F9F53-A988-4EAD-902A-4FFFC939A2D3}.Debug|Any CPU.ActiveCfg = Debug|Any CPU
		{DA9F9F53-A988-4EAD-902A-4FFFC939A2D3}.Debug|Any CPU.Build.0 = Debug|Any CPU
		{DA9F9F53-A988-4EAD-902A-4FFFC939A2D3}.Release|Any CPU.ActiveCfg = Release|Any CPU
		{DA9F9F53-A988-4EAD-902A-4FFFC939A2D3}.Release|Any CPU.Build.0 = Release|Any CPU
		{848677B5-50A8-4119-B4E8-F3D1C9C8981E}.Debug|Any CPU.ActiveCfg = Debug|Any CPU
		{848677B5-50A8-4119-B4E8-F3D1C9C8981E}.Debug|Any CPU.Build.0 = Debug|Any CPU
		{848677B5-50A8-4119-B4E8-F3D1C9C8981E}.Release|Any CPU.ActiveCfg = Release|Any CPU
		{848677B5-50A8-4119-B4E8-F3D1C9C8981E}.Release|Any CPU.Build.0 = Release|Any CPU
		{28D602C1-E38D-41EA-B0D6-0ACDCBA9DF20}.Debug|Any CPU.ActiveCfg = Debug|Any CPU
		{28D602C1-E38D-41EA-B0D6-0ACDCBA9DF20}.Debug|Any CPU.Build.0 = Debug|Any CPU
		{28D602C1-E38D-41EA-B0D6-0ACDCBA9DF20}.Release|Any CPU.ActiveCfg = Release|Any CPU
		{28D602C1-E38D-41EA-B0D6-0ACDCBA9DF20}.Release|Any CPU.Build.0 = Release|Any CPU
	EndGlobalSection
	GlobalSection(SolutionProperties) = preSolution
		HideSolutionNode = FALSE
	EndGlobalSection
	GlobalSection(NestedProjects) = preSolution
		{48BC0F7F-770D-4136-A379-BED4425756C7} = {7D56C188-9787-4037-8798-7891A3009AC9}
		{BD075A52-7F6D-4415-B55B-A01D9F8C9109} = {1AF8C135-F2F3-49D9-A08E-C9BB37F729FE}
		{A869CF23-4ECA-4B3E-8C7A-B98B571D3EF9} = {1AF8C135-F2F3-49D9-A08E-C9BB37F729FE}
		{93CA7F3A-64A3-4D26-8498-A9D1A39A9B43} = {1AF8C135-F2F3-49D9-A08E-C9BB37F729FE}
		{049EDF0F-EF0A-4C2E-8249-AE8D476004C3} = {A6304456-ECBE-4BB2-885F-4F979718D260}
		{AA687C2C-2744-4521-8A36-0A9767C7231E} = {A6304456-ECBE-4BB2-885F-4F979718D260}
		{C286FFFC-AC2F-4BED-BF1C-2916A79F9FB1} = {A6304456-ECBE-4BB2-885F-4F979718D260}
		{B09B4443-357C-47C6-A5DB-5A61E461E4D1} = {A5C308B7-89C4-4044-9BE4-7ADF1FA041CA}
		{FF17BB30-1F11-4138-A158-56DD2D726BBC} = {A5C308B7-89C4-4044-9BE4-7ADF1FA041CA}
		{EFFD0B69-D83C-4D9A-BB67-659DF5E2C1ED} = {A5C308B7-89C4-4044-9BE4-7ADF1FA041CA}
		{439A82A5-0AE4-4B27-8157-B4CF12667BA7} = {F7DDFE0A-689D-4A02-A9B0-7D6D8295C9BE}
		{5CB359F6-4086-4A63-816F-39582A5A22B5} = {F7DDFE0A-689D-4A02-A9B0-7D6D8295C9BE}
		{72F3C6EF-53AD-4802-9EF4-A79AC161DB21} = {F7DDFE0A-689D-4A02-A9B0-7D6D8295C9BE}
		{29FAF42E-DE7C-4C05-A659-9920AF4D6DDC} = {F1B6F44D-4ED4-49CE-8A84-9715D5C90789}
		{E62D490C-19F1-4FB8-9921-F5CC519B1E7A} = {F1B6F44D-4ED4-49CE-8A84-9715D5C90789}
		{0AA19D9E-BDE6-450B-9425-D4E10A1DD803} = {F1B6F44D-4ED4-49CE-8A84-9715D5C90789}
		{DA9F9F53-A988-4EAD-902A-4FFFC939A2D3} = {C3F4ADA1-11A7-4427-B262-BE2B85ABF705}
		{848677B5-50A8-4119-B4E8-F3D1C9C8981E} = {C3F4ADA1-11A7-4427-B262-BE2B85ABF705}
		{28D602C1-E38D-41EA-B0D6-0ACDCBA9DF20} = {C3F4ADA1-11A7-4427-B262-BE2B85ABF705}
	EndGlobalSection
	GlobalSection(ExtensibilityGlobals) = postSolution
		SolutionGuid = {759C98EB-B7BD-49A8-B464-60CDD8FAC7B5}
	EndGlobalSection
EndGlobal
